
Microsoft Visual Studio Solution File, Format Version 12.00
# Visual Studio Version 17
VisualStudioVersion = 17.9.34902.65
MinimumVisualStudioVersion = 10.0.40219.1
Project("{FAE04EC0-301F-11D3-BF4B-00C04F79EFBC}") = "Tingen_development", "Tingen_development.csproj", "{0B40C522-3F29-49A6-A8B9-671D8D7C81B7}"
EndProject
Project("{FAE04EC0-301F-11D3-BF4B-00C04F79EFBC}") = "Outpost31", "..\..\Outpost31\src\Outpost31.csproj", "{89EC105E-B456-479D-A328-EE3AFFF39473}"
EndProject
Project("{9A19103F-16F7-4668-BE54-9A1E7A4F7556}") = "ScriptLinkStandard", "..\..\Tingen.ThirdParty\ScriptLinkStandard\ScriptLinkStandard.csproj", "{6F7BAF8A-9A54-4DA8-94A9-202E5F25C52D}"
EndProject
Project("{2150E333-8FDC-42A3-9474-1A3956D46DE8}") = "TingenExtensions", "TingenExtensions", "{9F2CE69C-750B-4B4D-97C9-C9FA0DC326AB}"
EndProject
Project("{FAE04EC0-301F-11D3-BF4B-00C04F79EFBC}") = "TingenNetsmartServices", "..\..\TingenNetsmartServices\src\TingenNetsmartServices.csproj", "{0CB51E9F-6295-47C2-AFCF-116A0ADF9012}"
EndProject
Global
	GlobalSection(SolutionConfigurationPlatforms) = preSolution
		Debug|Any CPU = Debug|Any CPU
		Release|Any CPU = Release|Any CPU
	EndGlobalSection
	GlobalSection(ProjectConfigurationPlatforms) = postSolution
		{0B40C522-3F29-49A6-A8B9-671D8D7C81B7}.Debug|Any CPU.ActiveCfg = Debug|Any CPU
		{0B40C522-3F29-49A6-A8B9-671D8D7C81B7}.Debug|Any CPU.Build.0 = Debug|Any CPU
		{0B40C522-3F29-49A6-A8B9-671D8D7C81B7}.Release|Any CPU.ActiveCfg = Release|Any CPU
		{0B40C522-3F29-49A6-A8B9-671D8D7C81B7}.Release|Any CPU.Build.0 = Release|Any CPU
		{89EC105E-B456-479D-A328-EE3AFFF39473}.Debug|Any CPU.ActiveCfg = Debug|Any CPU
		{89EC105E-B456-479D-A328-EE3AFFF39473}.Debug|Any CPU.Build.0 = Debug|Any CPU
		{89EC105E-B456-479D-A328-EE3AFFF39473}.Release|Any CPU.ActiveCfg = Release|Any CPU
		{89EC105E-B456-479D-A328-EE3AFFF39473}.Release|Any CPU.Build.0 = Release|Any CPU
		{6F7BAF8A-9A54-4DA8-94A9-202E5F25C52D}.Debug|Any CPU.ActiveCfg = Debug|Any CPU
		{6F7BAF8A-9A54-4DA8-94A9-202E5F25C52D}.Debug|Any CPU.Build.0 = Debug|Any CPU
		{6F7BAF8A-9A54-4DA8-94A9-202E5F25C52D}.Release|Any CPU.ActiveCfg = Release|Any CPU
		{6F7BAF8A-9A54-4DA8-94A9-202E5F25C52D}.Release|Any CPU.Build.0 = Release|Any CPU
		{0CB51E9F-6295-47C2-AFCF-116A0ADF9012}.Debug|Any CPU.ActiveCfg = Debug|Any CPU
		{0CB51E9F-6295-47C2-AFCF-116A0ADF9012}.Debug|Any CPU.Build.0 = Debug|Any CPU
		{0CB51E9F-6295-47C2-AFCF-116A0ADF9012}.Release|Any CPU.ActiveCfg = Release|Any CPU
		{0CB51E9F-6295-47C2-AFCF-116A0ADF9012}.Release|Any CPU.Build.0 = Release|Any CPU
	EndGlobalSection
	GlobalSection(SolutionProperties) = preSolution
		HideSolutionNode = FALSE
	EndGlobalSection
	GlobalSection(ExtensibilityGlobals) = postSolution
		SolutionGuid = {086AF779-5BEC-49DE-95CB-2E635E9FCCCF}
	EndGlobalSection
EndGlobal
